dependencies:
- name: postgresql
  repository: https://charts.bitnami.com/bitnami
  version: 10.1.1
- name: rabbitmq
  repository: https://charts.bitnami.com/bitnami
  version: 8.6.1
digest: sha256:5929b021a1632bc370ada1ac35774e782c8a62bdb4d0cc2c0d48869fad213eb0
generated: "2020-12-31T12:08:58.4190616+01:00"
